{
  "name": "oms-profiles-module",
  "version": "0.0.6",
  "dependencies": {
    "body-parser": {
      "version": "1.0.2",
      "from": "https://registry.npmjs.org/body-parser/-/body-parser-1.0.2.tgz",
      "resolved": "https://registry.npmjs.org/body-parser/-/body-parser-1.0.2.tgz",
      "dependencies": {
        "type-is": {
          "version": "1.1.0",
          "from": "https://registry.npmjs.org/type-is/-/type-is-1.1.0.tgz",
          "resolved": "https://registry.npmjs.org/type-is/-/type-is-1.1.0.tgz",
          "dependencies": {
            "mime": {
              "version": "1.2.11",
              "from": "https://registry.npmjs.org/mime/-/mime-1.2.11.tgz",
              "resolved": "https://registry.npmjs.org/mime/-/mime-1.2.11.tgz"
            }
          }
        },
        "raw-body": {
          "version": "1.1.7",
          "from": "https://registry.npmjs.org/raw-body/-/raw-body-1.1.7.tgz",
          "resolved": "https://registry.npmjs.org/raw-body/-/raw-body-1.1.7.tgz",
          "dependencies": {
            "bytes": {
              "version": "1.0.0",
              "from": "https://registry.npmjs.org/bytes/-/bytes-1.0.0.tgz",
              "resolved": "https://registry.npmjs.org/bytes/-/bytes-1.0.0.tgz"
            },
            "string_decoder": {
              "version": "0.10.31",
              "from": "https://registry.npmjs.org/string_decoder/-/string_decoder-0.10.31.tgz",
              "resolved": "https://registry.npmjs.org/string_decoder/-/string_decoder-0.10.31.tgz"
            }
          }
        },
        "qs": {
          "version": "0.6.6",
          "from": "https://registry.npmjs.org/qs/-/qs-0.6.6.tgz",
          "resolved": "https://registry.npmjs.org/qs/-/qs-0.6.6.tgz"
        }
      }
    },
    "cookie-parser": {
      "version": "1.0.1",
      "from": "https://registry.npmjs.org/cookie-parser/-/cookie-parser-1.0.1.tgz",
      "resolved": "https://registry.npmjs.org/cookie-parser/-/cookie-parser-1.0.1.tgz",
      "dependencies": {
        "cookie": {
          "version": "0.1.0",
          "from": "https://registry.npmjs.org/cookie/-/cookie-0.1.0.tgz",
          "resolved": "https://registry.npmjs.org/cookie/-/cookie-0.1.0.tgz"
        },
        "cookie-signature": {
          "version": "1.0.3",
          "from": "https://registry.npmjs.org/cookie-signature/-/cookie-signature-1.0.3.tgz",
          "resolved": "https://registry.npmjs.org/cookie-signature/-/cookie-signature-1.0.3.tgz"
        }
      }
    },
    "express": {
      "version": "4.0.0",
      "from": "https://registry.npmjs.org/express/-/express-4.0.0.tgz",
      "resolved": "https://registry.npmjs.org/express/-/express-4.0.0.tgz",
      "dependencies": {
        "parseurl": {
          "version": "1.0.1",
          "from": "https://registry.npmjs.org/parseurl/-/parseurl-1.0.1.tgz",
          "resolved": "https://registry.npmjs.org/parseurl/-/parseurl-1.0.1.tgz"
        },
        "accepts": {
          "version": "1.0.0",
          "from": "https://registry.npmjs.org/accepts/-/accepts-1.0.0.tgz",
          "resolved": "https://registry.npmjs.org/accepts/-/accepts-1.0.0.tgz",
          "dependencies": {
            "mime": {
              "version": "1.2.11",
              "from": "https://registry.npmjs.org/mime/-/mime-1.2.11.tgz",
              "resolved": "https://registry.npmjs.org/mime/-/mime-1.2.11.tgz"
            },
            "negotiator": {
              "version": "0.3.0",
              "from": "https://registry.npmjs.org/negotiator/-/negotiator-0.3.0.tgz",
              "resolved": "https://registry.npmjs.org/negotiator/-/negotiator-0.3.0.tgz"
            }
          }
        },
        "type-is": {
          "version": "1.0.0",
          "from": "https://registry.npmjs.org/type-is/-/type-is-1.0.0.tgz",
          "resolved": "https://registry.npmjs.org/type-is/-/type-is-1.0.0.tgz",
          "dependencies": {
            "mime": {
              "version": "1.2.11",
              "from": "https://registry.npmjs.org/mime/-/mime-1.2.11.tgz",
              "resolved": "https://registry.npmjs.org/mime/-/mime-1.2.11.tgz"
            }
          }
        },
        "range-parser": {
          "version": "1.0.0",
          "from": "https://registry.npmjs.org/range-parser/-/range-parser-1.0.0.tgz",
          "resolved": "https://registry.npmjs.org/range-parser/-/range-parser-1.0.0.tgz"
        },
        "cookie": {
          "version": "0.1.0",
          "from": "https://registry.npmjs.org/cookie/-/cookie-0.1.0.tgz",
          "resolved": "https://registry.npmjs.org/cookie/-/cookie-0.1.0.tgz"
        },
        "buffer-crc32": {
          "version": "0.2.1",
          "from": "https://registry.npmjs.org/buffer-crc32/-/buffer-crc32-0.2.1.tgz",
          "resolved": "https://registry.npmjs.org/buffer-crc32/-/buffer-crc32-0.2.1.tgz"
        },
        "fresh": {
          "version": "0.2.2",
          "from": "https://registry.npmjs.org/fresh/-/fresh-0.2.2.tgz",
          "resolved": "https://registry.npmjs.org/fresh/-/fresh-0.2.2.tgz"
        },
        "methods": {
          "version": "0.1.0",
          "from": "https://registry.npmjs.org/methods/-/methods-0.1.0.tgz",
          "resolved": "https://registry.npmjs.org/methods/-/methods-0.1.0.tgz"
        },
        "send": {
          "version": "0.2.0",
          "from": "https://registry.npmjs.org/send/-/send-0.2.0.tgz",
          "resolved": "https://registry.npmjs.org/send/-/send-0.2.0.tgz",
          "dependencies": {
            "mime": {
              "version": "1.2.11",
              "from": "https://registry.npmjs.org/mime/-/mime-1.2.11.tgz",
              "resolved": "https://registry.npmjs.org/mime/-/mime-1.2.11.tgz"
            }
          }
        },
        "cookie-signature": {
          "version": "1.0.3",
          "from": "https://registry.npmjs.org/cookie-signature/-/cookie-signature-1.0.3.tgz",
          "resolved": "https://registry.npmjs.org/cookie-signature/-/cookie-signature-1.0.3.tgz"
        },
        "merge-descriptors": {
          "version": "0.0.2",
          "from": "https://registry.npmjs.org/merge-descriptors/-/merge-descriptors-0.0.2.tgz",
          "resolved": "https://registry.npmjs.org/merge-descriptors/-/merge-descriptors-0.0.2.tgz"
        },
        "utils-merge": {
          "version": "1.0.0",
          "from": "https://registry.npmjs.org/utils-merge/-/utils-merge-1.0.0.tgz",
          "resolved": "https://registry.npmjs.org/utils-merge/-/utils-merge-1.0.0.tgz"
        },
        "escape-html": {
          "version": "1.0.1",
          "from": "https://registry.npmjs.org/escape-html/-/escape-html-1.0.1.tgz",
          "resolved": "https://registry.npmjs.org/escape-html/-/escape-html-1.0.1.tgz"
        },
        "qs": {
          "version": "0.6.6",
          "from": "https://registry.npmjs.org/qs/-/qs-0.6.6.tgz",
          "resolved": "https://registry.npmjs.org/qs/-/qs-0.6.6.tgz"
        },
        "serve-static": {
          "version": "1.0.1",
          "from": "https://registry.npmjs.org/serve-static/-/serve-static-1.0.1.tgz",
          "resolved": "https://registry.npmjs.org/serve-static/-/serve-static-1.0.1.tgz",
          "dependencies": {
            "send": {
              "version": "0.1.4",
              "from": "https://registry.npmjs.org/send/-/send-0.1.4.tgz",
              "resolved": "https://registry.npmjs.org/send/-/send-0.1.4.tgz",
              "dependencies": {
                "mime": {
                  "version": "1.2.11",
                  "from": "https://registry.npmjs.org/mime/-/mime-1.2.11.tgz",
                  "resolved": "https://registry.npmjs.org/mime/-/mime-1.2.11.tgz"
                },
                "fresh": {
                  "version": "0.2.0",
                  "from": "https://registry.npmjs.org/fresh/-/fresh-0.2.0.tgz",
                  "resolved": "https://registry.npmjs.org/fresh/-/fresh-0.2.0.tgz"
                },
                "range-parser": {
                  "version": "0.0.4",
                  "from": "https://registry.npmjs.org/range-parser/-/range-parser-0.0.4.tgz",
                  "resolved": "https://registry.npmjs.org/range-parser/-/range-parser-0.0.4.tgz"
                }
              }
            }
          }
        },
        "path-to-regexp": {
          "version": "0.1.2",
          "from": "https://registry.npmjs.org/path-to-regexp/-/path-to-regexp-0.1.2.tgz",
          "resolved": "https://registry.npmjs.org/path-to-regexp/-/path-to-regexp-0.1.2.tgz"
        },
        "debug": {
          "version": "0.8.1",
          "from": "https://registry.npmjs.org/debug/-/debug-0.8.1.tgz",
          "resolved": "https://registry.npmjs.org/debug/-/debug-0.8.1.tgz"
        }
      }
    },
    "express-handlebars": {
      "version": "2.0.1",
      "from": "https://registry.npmjs.org/express-handlebars/-/express-handlebars-2.0.1.tgz",
      "resolved": "https://registry.npmjs.org/express-handlebars/-/express-handlebars-2.0.1.tgz",
      "dependencies": {
        "glob": {
          "version": "5.0.15",
          "from": "https://registry.npmjs.org/glob/-/glob-5.0.15.tgz",
          "resolved": "https://registry.npmjs.org/glob/-/glob-5.0.15.tgz",
          "dependencies": {
            "inflight": {
              "version": "1.0.4",
              "from": "https://registry.npmjs.org/inflight/-/inflight-1.0.4.tgz",
              "resolved": "https://registry.npmjs.org/inflight/-/inflight-1.0.4.tgz",
              "dependencies": {
                "wrappy": {
                  "version": "1.0.1",
                  "from": "https://registry.npmjs.org/wrappy/-/wrappy-1.0.1.tgz",
                  "resolved": "https://registry.npmjs.org/wrappy/-/wrappy-1.0.1.tgz"
                }
              }
            },
            "inherits": {
              "version": "2.0.1",
              "from": "https://registry.npmjs.org/inherits/-/inherits-2.0.1.tgz",
              "resolved": "https://registry.npmjs.org/inherits/-/inherits-2.0.1.tgz"
            },
            "minimatch": {
              "version": "3.0.0",
              "from": "https://registry.npmjs.org/minimatch/-/minimatch-3.0.0.tgz",
              "resolved": "https://registry.npmjs.org/minimatch/-/minimatch-3.0.0.tgz",
              "dependencies": {
                "brace-expansion": {
                  "version": "1.1.2",
                  "from": "https://registry.npmjs.org/brace-expansion/-/brace-expansion-1.1.2.tgz",
                  "resolved": "https://registry.npmjs.org/brace-expansion/-/brace-expansion-1.1.2.tgz",
                  "dependencies": {
                    "balanced-match": {
                      "version": "0.3.0",
                      "from": "https://registry.npmjs.org/balanced-match/-/balanced-match-0.3.0.tgz",
                      "resolved": "https://registry.npmjs.org/balanced-match/-/balanced-match-0.3.0.tgz"
                    },
                    "concat-map": {
                      "version": "0.0.1",
                      "from": "https://registry.npmjs.org/concat-map/-/concat-map-0.0.1.tgz",
                      "resolved": "https://registry.npmjs.org/concat-map/-/concat-map-0.0.1.tgz"
                    }
                  }
                }
              }
            },
            "once": {
              "version": "1.3.3",
              "from": "https://registry.npmjs.org/once/-/once-1.3.3.tgz",
              "resolved": "https://registry.npmjs.org/once/-/once-1.3.3.tgz",
              "dependencies": {
                "wrappy": {
                  "version": "1.0.1",
                  "from": "https://registry.npmjs.org/wrappy/-/wrappy-1.0.1.tgz",
                  "resolved": "https://registry.npmjs.org/wrappy/-/wrappy-1.0.1.tgz"
                }
              }
            },
            "path-is-absolute": {
              "version": "1.0.0",
              "from": "https://registry.npmjs.org/path-is-absolute/-/path-is-absolute-1.0.0.tgz",
              "resolved": "https://registry.npmjs.org/path-is-absolute/-/path-is-absolute-1.0.0.tgz"
            }
          }
        },
        "graceful-fs": {
          "version": "3.0.8",
          "from": "https://registry.npmjs.org/graceful-fs/-/graceful-fs-3.0.8.tgz",
          "resolved": "https://registry.npmjs.org/graceful-fs/-/graceful-fs-3.0.8.tgz"
        },
        "handlebars": {
          "version": "3.0.3",
          "from": "https://registry.npmjs.org/handlebars/-/handlebars-3.0.3.tgz",
          "resolved": "https://registry.npmjs.org/handlebars/-/handlebars-3.0.3.tgz",
          "dependencies": {
            "optimist": {
              "version": "0.6.1",
              "from": "https://registry.npmjs.org/optimist/-/optimist-0.6.1.tgz",
              "resolved": "https://registry.npmjs.org/optimist/-/optimist-0.6.1.tgz",
              "dependencies": {
                "wordwrap": {
                  "version": "0.0.3",
                  "from": "https://registry.npmjs.org/wordwrap/-/wordwrap-0.0.3.tgz",
                  "resolved": "https://registry.npmjs.org/wordwrap/-/wordwrap-0.0.3.tgz"
                },
                "minimist": {
                  "version": "0.0.10",
                  "from": "https://registry.npmjs.org/minimist/-/minimist-0.0.10.tgz",
                  "resolved": "https://registry.npmjs.org/minimist/-/minimist-0.0.10.tgz"
                }
              }
            },
            "source-map": {
              "version": "0.1.43",
              "from": "https://registry.npmjs.org/source-map/-/source-map-0.1.43.tgz",
              "resolved": "https://registry.npmjs.org/source-map/-/source-map-0.1.43.tgz",
              "dependencies": {
                "amdefine": {
                  "version": "1.0.0",
                  "from": "https://registry.npmjs.org/amdefine/-/amdefine-1.0.0.tgz",
                  "resolved": "https://registry.npmjs.org/amdefine/-/amdefine-1.0.0.tgz"
                }
              }
            },
            "uglify-js": {
              "version": "2.3.6",
              "from": "https://registry.npmjs.org/uglify-js/-/uglify-js-2.3.6.tgz",
              "resolved": "https://registry.npmjs.org/uglify-js/-/uglify-js-2.3.6.tgz",
              "dependencies": {
                "async": {
                  "version": "0.2.10",
                  "from": "https://registry.npmjs.org/async/-/async-0.2.10.tgz",
                  "resolved": "https://registry.npmjs.org/async/-/async-0.2.10.tgz"
                },
                "optimist": {
                  "version": "0.3.7",
                  "from": "https://registry.npmjs.org/optimist/-/optimist-0.3.7.tgz",
                  "resolved": "https://registry.npmjs.org/optimist/-/optimist-0.3.7.tgz",
                  "dependencies": {
                    "wordwrap": {
                      "version": "0.0.3",
                      "from": "https://registry.npmjs.org/wordwrap/-/wordwrap-0.0.3.tgz",
                      "resolved": "https://registry.npmjs.org/wordwrap/-/wordwrap-0.0.3.tgz"
                    }
                  }
                }
              }
            }
          }
        },
        "object.assign": {
          "version": "1.1.1",
          "from": "https://registry.npmjs.org/object.assign/-/object.assign-1.1.1.tgz",
          "resolved": "https://registry.npmjs.org/object.assign/-/object.assign-1.1.1.tgz",
          "dependencies": {
            "object-keys": {
              "version": "1.0.9",
              "from": "https://registry.npmjs.org/object-keys/-/object-keys-1.0.9.tgz",
              "resolved": "https://registry.npmjs.org/object-keys/-/object-keys-1.0.9.tgz"
            }
          }
        },
        "promise": {
          "version": "6.1.0",
          "from": "https://registry.npmjs.org/promise/-/promise-6.1.0.tgz",
          "resolved": "https://registry.npmjs.org/promise/-/promise-6.1.0.tgz",
          "dependencies": {
            "asap": {
              "version": "1.0.0",
              "from": "https://registry.npmjs.org/asap/-/asap-1.0.0.tgz",
              "resolved": "https://registry.npmjs.org/asap/-/asap-1.0.0.tgz"
            }
          }
        }
      }
    },
    "express-session": {
      "version": "1.0.4",
      "from": "https://registry.npmjs.org/express-session/-/express-session-1.0.4.tgz",
      "resolved": "https://registry.npmjs.org/express-session/-/express-session-1.0.4.tgz",
      "dependencies": {
        "utils-merge": {
          "version": "1.0.0",
          "from": "https://registry.npmjs.org/utils-merge/-/utils-merge-1.0.0.tgz",
          "resolved": "https://registry.npmjs.org/utils-merge/-/utils-merge-1.0.0.tgz"
        },
        "cookie": {
          "version": "0.1.2",
          "from": "https://registry.npmjs.org/cookie/-/cookie-0.1.2.tgz",
          "resolved": "https://registry.npmjs.org/cookie/-/cookie-0.1.2.tgz"
        },
        "cookie-signature": {
          "version": "1.0.3",
          "from": "https://registry.npmjs.org/cookie-signature/-/cookie-signature-1.0.3.tgz",
          "resolved": "https://registry.npmjs.org/cookie-signature/-/cookie-signature-1.0.3.tgz"
        },
        "uid2": {
          "version": "0.0.3",
          "from": "https://registry.npmjs.org/uid2/-/uid2-0.0.3.tgz",
          "resolved": "https://registry.npmjs.org/uid2/-/uid2-0.0.3.tgz"
        },
        "buffer-crc32": {
          "version": "0.2.1",
          "from": "https://registry.npmjs.org/buffer-crc32/-/buffer-crc32-0.2.1.tgz",
          "resolved": "https://registry.npmjs.org/buffer-crc32/-/buffer-crc32-0.2.1.tgz"
        },
        "debug": {
          "version": "0.8.1",
          "from": "https://registry.npmjs.org/debug/-/debug-0.8.1.tgz",
          "resolved": "https://registry.npmjs.org/debug/-/debug-0.8.1.tgz"
        }
      }
    },
    "method-override": {
      "version": "1.0.2",
      "from": "https://registry.npmjs.org/method-override/-/method-override-1.0.2.tgz",
      "resolved": "https://registry.npmjs.org/method-override/-/method-override-1.0.2.tgz",
      "dependencies": {
        "methods": {
          "version": "1.0.0",
          "from": "https://registry.npmjs.org/methods/-/methods-1.0.0.tgz",
          "resolved": "https://registry.npmjs.org/methods/-/methods-1.0.0.tgz"
        }
      }
    },
    "morgan": {
      "version": "1.0.1",
      "from": "https://registry.npmjs.org/morgan/-/morgan-1.0.1.tgz",
      "resolved": "https://registry.npmjs.org/morgan/-/morgan-1.0.1.tgz",
      "dependencies": {
        "bytes": {
          "version": "0.3.0",
          "from": "https://registry.npmjs.org/bytes/-/bytes-0.3.0.tgz",
          "resolved": "https://registry.npmjs.org/bytes/-/bytes-0.3.0.tgz"
        }
      }
    },
    "passport": {
      "version": "0.1.18",
      "from": "https://registry.npmjs.org/passport/-/passport-0.1.18.tgz",
      "resolved": "https://registry.npmjs.org/passport/-/passport-0.1.18.tgz",
      "dependencies": {
        "pkginfo": {
          "version": "0.2.3",
          "from": "https://registry.npmjs.org/pkginfo/-/pkginfo-0.2.3.tgz",
          "resolved": "https://registry.npmjs.org/pkginfo/-/pkginfo-0.2.3.tgz"
        },
        "pause": {
          "version": "0.0.1",
          "from": "https://registry.npmjs.org/pause/-/pause-0.0.1.tgz",
          "resolved": "https://registry.npmjs.org/pause/-/pause-0.0.1.tgz"
        }
      }
    },
    "passport-ldapauth": {
      "version": "0.4.0",
      "from": "https://registry.npmjs.org/passport-ldapauth/-/passport-ldapauth-0.4.0.tgz",
      "resolved": "https://registry.npmjs.org/passport-ldapauth/-/passport-ldapauth-0.4.0.tgz",
      "dependencies": {
        "passport-strategy": {
          "version": "1.0.0",
          "from": "https://registry.npmjs.org/passport-strategy/-/passport-strategy-1.0.0.tgz",
          "resolved": "https://registry.npmjs.org/passport-strategy/-/passport-strategy-1.0.0.tgz"
        },
        "ldapauth-fork": {
          "version": "2.4.0",
          "from": "https://registry.npmjs.org/ldapauth-fork/-/ldapauth-fork-2.4.0.tgz",
          "resolved": "https://registry.npmjs.org/ldapauth-fork/-/ldapauth-fork-2.4.0.tgz",
          "dependencies": {
            "bcryptjs": {
              "version": "2.3.0",
              "from": "https://registry.npmjs.org/bcryptjs/-/bcryptjs-2.3.0.tgz",
              "resolved": "https://registry.npmjs.org/bcryptjs/-/bcryptjs-2.3.0.tgz"
            },
            "ldapjs": {
              "version": "1.0.0",
              "from": "https://registry.npmjs.org/ldapjs/-/ldapjs-1.0.0.tgz",
              "resolved": "https://registry.npmjs.org/ldapjs/-/ldapjs-1.0.0.tgz",
              "dependencies": {
                "asn1": {
                  "version": "0.2.3",
                  "from": "https://registry.npmjs.org/asn1/-/asn1-0.2.3.tgz",
                  "resolved": "https://registry.npmjs.org/asn1/-/asn1-0.2.3.tgz"
                },
                "assert-plus": {
                  "version": "0.1.5",
                  "from": "https://registry.npmjs.org/assert-plus/-/assert-plus-0.1.5.tgz",
                  "resolved": "https://registry.npmjs.org/assert-plus/-/assert-plus-0.1.5.tgz"
                },
                "bunyan": {
                  "version": "1.5.1",
                  "from": "https://registry.npmjs.org/bunyan/-/bunyan-1.5.1.tgz",
                  "resolved": "https://registry.npmjs.org/bunyan/-/bunyan-1.5.1.tgz",
                  "dependencies": {
                    "mv": {
                      "version": "2.1.1",
                      "from": "https://registry.npmjs.org/mv/-/mv-2.1.1.tgz",
                      "resolved": "https://registry.npmjs.org/mv/-/mv-2.1.1.tgz",
                      "dependencies": {
                        "mkdirp": {
                          "version": "0.5.1",
                          "from": "https://registry.npmjs.org/mkdirp/-/mkdirp-0.5.1.tgz",
                          "resolved": "https://registry.npmjs.org/mkdirp/-/mkdirp-0.5.1.tgz",
                          "dependencies": {
                            "minimist": {
                              "version": "0.0.8",
                              "from": "https://registry.npmjs.org/minimist/-/minimist-0.0.8.tgz",
                              "resolved": "https://registry.npmjs.org/minimist/-/minimist-0.0.8.tgz"
                            }
                          }
                        },
                        "ncp": {
                          "version": "2.0.0",
                          "from": "https://registry.npmjs.org/ncp/-/ncp-2.0.0.tgz",
                          "resolved": "https://registry.npmjs.org/ncp/-/ncp-2.0.0.tgz"
                        },
                        "rimraf": {
                          "version": "2.4.5",
                          "from": "https://registry.npmjs.org/rimraf/-/rimraf-2.4.5.tgz",
                          "resolved": "https://registry.npmjs.org/rimraf/-/rimraf-2.4.5.tgz",
                          "dependencies": {
                            "glob": {
                              "version": "6.0.2",
                              "from": "https://registry.npmjs.org/glob/-/glob-6.0.2.tgz",
                              "resolved": "https://registry.npmjs.org/glob/-/glob-6.0.2.tgz",
                              "dependencies": {
                                "inflight": {
                                  "version": "1.0.4",
                                  "from": "https://registry.npmjs.org/inflight/-/inflight-1.0.4.tgz",
                                  "resolved": "https://registry.npmjs.org/inflight/-/inflight-1.0.4.tgz",
                                  "dependencies": {
                                    "wrappy": {
                                      "version": "1.0.1",
                                      "from": "https://registry.npmjs.org/wrappy/-/wrappy-1.0.1.tgz",
                                      "resolved": "https://registry.npmjs.org/wrappy/-/wrappy-1.0.1.tgz"
                                    }
                                  }
                                },
                                "inherits": {
                                  "version": "2.0.1",
                                  "from": "https://registry.npmjs.org/inherits/-/inherits-2.0.1.tgz",
                                  "resolved": "https://registry.npmjs.org/inherits/-/inherits-2.0.1.tgz"
                                },
                                "minimatch": {
                                  "version": "3.0.0",
                                  "from": "https://registry.npmjs.org/minimatch/-/minimatch-3.0.0.tgz",
                                  "resolved": "https://registry.npmjs.org/minimatch/-/minimatch-3.0.0.tgz",
                                  "dependencies": {
                                    "brace-expansion": {
                                      "version": "1.1.2",
                                      "from": "https://registry.npmjs.org/brace-expansion/-/brace-expansion-1.1.2.tgz",
                                      "resolved": "https://registry.npmjs.org/brace-expansion/-/brace-expansion-1.1.2.tgz",
                                      "dependencies": {
                                        "balanced-match": {
                                          "version": "0.3.0",
                                          "from": "https://registry.npmjs.org/balanced-match/-/balanced-match-0.3.0.tgz",
                                          "resolved": "https://registry.npmjs.org/balanced-match/-/balanced-match-0.3.0.tgz"
                                        },
                                        "concat-map": {
                                          "version": "0.0.1",
                                          "from": "https://registry.npmjs.org/concat-map/-/concat-map-0.0.1.tgz",
                                          "resolved": "https://registry.npmjs.org/concat-map/-/concat-map-0.0.1.tgz"
                                        }
                                      }
                                    }
                                  }
                                },
                                "path-is-absolute": {
                                  "version": "1.0.0",
                                  "from": "https://registry.npmjs.org/path-is-absolute/-/path-is-absolute-1.0.0.tgz",
                                  "resolved": "https://registry.npmjs.org/path-is-absolute/-/path-is-absolute-1.0.0.tgz"
                                }
                              }
                            }
                          }
                        }
                      }
                    },
                    "safe-json-stringify": {
                      "version": "1.0.3",
                      "from": "https://registry.npmjs.org/safe-json-stringify/-/safe-json-stringify-1.0.3.tgz",
                      "resolved": "https://registry.npmjs.org/safe-json-stringify/-/safe-json-stringify-1.0.3.tgz"
                    }
                  }
                },
                "dashdash": {
                  "version": "1.10.1",
                  "from": "https://registry.npmjs.org/dashdash/-/dashdash-1.10.1.tgz",
                  "resolved": "https://registry.npmjs.org/dashdash/-/dashdash-1.10.1.tgz"
                },
                "backoff": {
                  "version": "2.4.1",
                  "from": "https://registry.npmjs.org/backoff/-/backoff-2.4.1.tgz",
                  "resolved": "https://registry.npmjs.org/backoff/-/backoff-2.4.1.tgz",
                  "dependencies": {
                    "precond": {
                      "version": "0.2.3",
                      "from": "https://registry.npmjs.org/precond/-/precond-0.2.3.tgz",
                      "resolved": "https://registry.npmjs.org/precond/-/precond-0.2.3.tgz"
                    }
                  }
                },
                "ldap-filter": {
                  "version": "0.2.2",
                  "from": "https://registry.npmjs.org/ldap-filter/-/ldap-filter-0.2.2.tgz",
                  "resolved": "https://registry.npmjs.org/ldap-filter/-/ldap-filter-0.2.2.tgz"
                },
                "once": {
                  "version": "1.3.2",
                  "from": "https://registry.npmjs.org/once/-/once-1.3.2.tgz",
                  "resolved": "https://registry.npmjs.org/once/-/once-1.3.2.tgz",
                  "dependencies": {
                    "wrappy": {
                      "version": "1.0.1",
                      "from": "https://registry.npmjs.org/wrappy/-/wrappy-1.0.1.tgz",
                      "resolved": "https://registry.npmjs.org/wrappy/-/wrappy-1.0.1.tgz"
                    }
                  }
                },
                "vasync": {
                  "version": "1.6.3",
                  "from": "https://registry.npmjs.org/vasync/-/vasync-1.6.3.tgz",
                  "resolved": "https://registry.npmjs.org/vasync/-/vasync-1.6.3.tgz"
                },
                "verror": {
                  "version": "1.6.0",
                  "from": "https://registry.npmjs.org/verror/-/verror-1.6.0.tgz",
                  "resolved": "https://registry.npmjs.org/verror/-/verror-1.6.0.tgz",
                  "dependencies": {
                    "extsprintf": {
                      "version": "1.2.0",
                      "from": "https://registry.npmjs.org/extsprintf/-/extsprintf-1.2.0.tgz",
                      "resolved": "https://registry.npmjs.org/extsprintf/-/extsprintf-1.2.0.tgz"
                    }
                  }
                },
                "dtrace-provider": {
                  "version": "0.6.0",
                  "from": "https://registry.npmjs.org/dtrace-provider/-/dtrace-provider-0.6.0.tgz",
                  "resolved": "https://registry.npmjs.org/dtrace-provider/-/dtrace-provider-0.6.0.tgz",
                  "dependencies": {
                    "nan": {
                      "version": "2.1.0",
                      "from": "https://registry.npmjs.org/nan/-/nan-2.1.0.tgz",
                      "resolved": "https://registry.npmjs.org/nan/-/nan-2.1.0.tgz"
                    }
                  }
                }
              }
            },
            "lru-cache": {
              "version": "2.7.0",
              "from": "https://registry.npmjs.org/lru-cache/-/lru-cache-2.7.0.tgz",
              "resolved": "https://registry.npmjs.org/lru-cache/-/lru-cache-2.7.0.tgz"
            }
          }
        }
      }
    },
    "passport-remember-me": {
      "version": "0.0.1",
      "from": "passport-remember-me@*",
      "resolved": "https://registry.npmjs.org/passport-remember-me/-/passport-remember-me-0.0.1.tgz",
      "dependencies": {
        "pkginfo": {
          "version": "0.2.3",
          "from": "pkginfo@>=0.2.0 <0.3.0",
          "resolved": "https://registry.npmjs.org/pkginfo/-/pkginfo-0.2.3.tgz"
        }
      }
    },
    "restify": {
      "version": "3.0.3",
      "from": "https://registry.npmjs.org/restify/-/restify-3.0.3.tgz",
      "resolved": "https://registry.npmjs.org/restify/-/restify-3.0.3.tgz",
      "dependencies": {
        "assert-plus": {
          "version": "0.1.5",
          "from": "https://registry.npmjs.org/assert-plus/-/assert-plus-0.1.5.tgz",
          "resolved": "https://registry.npmjs.org/assert-plus/-/assert-plus-0.1.5.tgz"
        },
        "backoff": {
          "version": "2.4.1",
          "from": "https://registry.npmjs.org/backoff/-/backoff-2.4.1.tgz",
          "resolved": "https://registry.npmjs.org/backoff/-/backoff-2.4.1.tgz",
          "dependencies": {
            "precond": {
              "version": "0.2.3",
              "from": "https://registry.npmjs.org/precond/-/precond-0.2.3.tgz",
              "resolved": "https://registry.npmjs.org/precond/-/precond-0.2.3.tgz"
            }
          }
        },
        "bunyan": {
          "version": "1.3.4",
          "from": "https://registry.npmjs.org/bunyan/-/bunyan-1.3.4.tgz",
          "resolved": "https://registry.npmjs.org/bunyan/-/bunyan-1.3.4.tgz",
          "dependencies": {
            "mv": {
              "version": "2.1.1",
              "from": "https://registry.npmjs.org/mv/-/mv-2.1.1.tgz",
              "resolved": "https://registry.npmjs.org/mv/-/mv-2.1.1.tgz",
              "dependencies": {
                "mkdirp": {
                  "version": "0.5.1",
                  "from": "https://registry.npmjs.org/mkdirp/-/mkdirp-0.5.1.tgz",
                  "resolved": "https://registry.npmjs.org/mkdirp/-/mkdirp-0.5.1.tgz",
                  "dependencies": {
                    "minimist": {
                      "version": "0.0.8",
                      "from": "https://registry.npmjs.org/minimist/-/minimist-0.0.8.tgz",
                      "resolved": "https://registry.npmjs.org/minimist/-/minimist-0.0.8.tgz"
                    }
                  }
                },
                "ncp": {
                  "version": "2.0.0",
                  "from": "https://registry.npmjs.org/ncp/-/ncp-2.0.0.tgz",
                  "resolved": "https://registry.npmjs.org/ncp/-/ncp-2.0.0.tgz"
                },
                "rimraf": {
                  "version": "2.4.5",
                  "from": "https://registry.npmjs.org/rimraf/-/rimraf-2.4.5.tgz",
                  "resolved": "https://registry.npmjs.org/rimraf/-/rimraf-2.4.5.tgz",
                  "dependencies": {
                    "glob": {
                      "version": "6.0.2",
                      "from": "https://registry.npmjs.org/glob/-/glob-6.0.2.tgz",
                      "resolved": "https://registry.npmjs.org/glob/-/glob-6.0.2.tgz",
                      "dependencies": {
                        "inflight": {
                          "version": "1.0.4",
                          "from": "https://registry.npmjs.org/inflight/-/inflight-1.0.4.tgz",
                          "resolved": "https://registry.npmjs.org/inflight/-/inflight-1.0.4.tgz",
                          "dependencies": {
                            "wrappy": {
                              "version": "1.0.1",
                              "from": "https://registry.npmjs.org/wrappy/-/wrappy-1.0.1.tgz",
                              "resolved": "https://registry.npmjs.org/wrappy/-/wrappy-1.0.1.tgz"
                            }
                          }
                        },
                        "inherits": {
                          "version": "2.0.1",
                          "from": "https://registry.npmjs.org/inherits/-/inherits-2.0.1.tgz",
                          "resolved": "https://registry.npmjs.org/inherits/-/inherits-2.0.1.tgz"
                        },
                        "minimatch": {
                          "version": "3.0.0",
                          "from": "https://registry.npmjs.org/minimatch/-/minimatch-3.0.0.tgz",
                          "resolved": "https://registry.npmjs.org/minimatch/-/minimatch-3.0.0.tgz",
                          "dependencies": {
                            "brace-expansion": {
                              "version": "1.1.2",
                              "from": "https://registry.npmjs.org/brace-expansion/-/brace-expansion-1.1.2.tgz",
                              "resolved": "https://registry.npmjs.org/brace-expansion/-/brace-expansion-1.1.2.tgz",
                              "dependencies": {
                                "balanced-match": {
                                  "version": "0.3.0",
                                  "from": "https://registry.npmjs.org/balanced-match/-/balanced-match-0.3.0.tgz",
                                  "resolved": "https://registry.npmjs.org/balanced-match/-/balanced-match-0.3.0.tgz"
                                },
                                "concat-map": {
                                  "version": "0.0.1",
                                  "from": "https://registry.npmjs.org/concat-map/-/concat-map-0.0.1.tgz",
                                  "resolved": "https://registry.npmjs.org/concat-map/-/concat-map-0.0.1.tgz"
                                }
                              }
                            }
                          }
                        },
                        "path-is-absolute": {
                          "version": "1.0.0",
                          "from": "https://registry.npmjs.org/path-is-absolute/-/path-is-absolute-1.0.0.tgz",
                          "resolved": "https://registry.npmjs.org/path-is-absolute/-/path-is-absolute-1.0.0.tgz"
                        }
                      }
                    }
                  }
                }
              }
            },
            "safe-json-stringify": {
              "version": "1.0.3",
              "from": "https://registry.npmjs.org/safe-json-stringify/-/safe-json-stringify-1.0.3.tgz",
              "resolved": "https://registry.npmjs.org/safe-json-stringify/-/safe-json-stringify-1.0.3.tgz"
            }
          }
        },
        "csv": {
          "version": "0.4.6",
          "from": "https://registry.npmjs.org/csv/-/csv-0.4.6.tgz",
          "resolved": "https://registry.npmjs.org/csv/-/csv-0.4.6.tgz",
          "dependencies": {
            "csv-generate": {
              "version": "0.0.6",
              "from": "https://registry.npmjs.org/csv-generate/-/csv-generate-0.0.6.tgz",
              "resolved": "https://registry.npmjs.org/csv-generate/-/csv-generate-0.0.6.tgz"
            },
            "csv-parse": {
              "version": "1.0.1",
              "from": "https://registry.npmjs.org/csv-parse/-/csv-parse-1.0.1.tgz",
              "resolved": "https://registry.npmjs.org/csv-parse/-/csv-parse-1.0.1.tgz"
            },
            "stream-transform": {
              "version": "0.1.1",
              "from": "https://registry.npmjs.org/stream-transform/-/stream-transform-0.1.1.tgz",
              "resolved": "https://registry.npmjs.org/stream-transform/-/stream-transform-0.1.1.tgz"
            },
            "csv-stringify": {
              "version": "0.0.8",
              "from": "https://registry.npmjs.org/csv-stringify/-/csv-stringify-0.0.8.tgz",
              "resolved": "https://registry.npmjs.org/csv-stringify/-/csv-stringify-0.0.8.tgz"
            }
          }
        },
        "deep-equal": {
          "version": "1.0.1",
          "from": "https://registry.npmjs.org/deep-equal/-/deep-equal-1.0.1.tgz",
          "resolved": "https://registry.npmjs.org/deep-equal/-/deep-equal-1.0.1.tgz"
        },
        "escape-regexp-component": {
          "version": "1.0.2",
          "from": "https://registry.npmjs.org/escape-regexp-component/-/escape-regexp-component-1.0.2.tgz",
          "resolved": "https://registry.npmjs.org/escape-regexp-component/-/escape-regexp-component-1.0.2.tgz"
        },
        "formidable": {
          "version": "1.0.17",
          "from": "https://registry.npmjs.org/formidable/-/formidable-1.0.17.tgz",
          "resolved": "https://registry.npmjs.org/formidable/-/formidable-1.0.17.tgz"
        },
        "http-signature": {
          "version": "0.10.1",
          "from": "https://registry.npmjs.org/http-signature/-/http-signature-0.10.1.tgz",
          "resolved": "https://registry.npmjs.org/http-signature/-/http-signature-0.10.1.tgz",
          "dependencies": {
            "asn1": {
              "version": "0.1.11",
              "from": "https://registry.npmjs.org/asn1/-/asn1-0.1.11.tgz",
              "resolved": "https://registry.npmjs.org/asn1/-/asn1-0.1.11.tgz"
            },
            "ctype": {
              "version": "0.5.3",
              "from": "https://registry.npmjs.org/ctype/-/ctype-0.5.3.tgz",
              "resolved": "https://registry.npmjs.org/ctype/-/ctype-0.5.3.tgz"
            }
          }
        },
        "keep-alive-agent": {
          "version": "0.0.1",
          "from": "https://registry.npmjs.org/keep-alive-agent/-/keep-alive-agent-0.0.1.tgz",
          "resolved": "https://registry.npmjs.org/keep-alive-agent/-/keep-alive-agent-0.0.1.tgz"
        },
        "lru-cache": {
          "version": "2.7.3",
          "from": "https://registry.npmjs.org/lru-cache/-/lru-cache-2.7.3.tgz",
          "resolved": "https://registry.npmjs.org/lru-cache/-/lru-cache-2.7.3.tgz"
        },
        "mime": {
          "version": "1.3.4",
          "from": "https://registry.npmjs.org/mime/-/mime-1.3.4.tgz",
          "resolved": "https://registry.npmjs.org/mime/-/mime-1.3.4.tgz"
        },
        "negotiator": {
          "version": "0.5.3",
          "from": "https://registry.npmjs.org/negotiator/-/negotiator-0.5.3.tgz",
          "resolved": "https://registry.npmjs.org/negotiator/-/negotiator-0.5.3.tgz"
        },
        "node-uuid": {
          "version": "1.4.7",
          "from": "https://registry.npmjs.org/node-uuid/-/node-uuid-1.4.7.tgz",
          "resolved": "https://registry.npmjs.org/node-uuid/-/node-uuid-1.4.7.tgz"
        },
        "once": {
          "version": "1.3.3",
          "from": "https://registry.npmjs.org/once/-/once-1.3.3.tgz",
          "resolved": "https://registry.npmjs.org/once/-/once-1.3.3.tgz",
          "dependencies": {
            "wrappy": {
              "version": "1.0.1",
              "from": "https://registry.npmjs.org/wrappy/-/wrappy-1.0.1.tgz",
              "resolved": "https://registry.npmjs.org/wrappy/-/wrappy-1.0.1.tgz"
            }
          }
        },
        "qs": {
          "version": "2.4.2",
          "from": "https://registry.npmjs.org/qs/-/qs-2.4.2.tgz",
          "resolved": "https://registry.npmjs.org/qs/-/qs-2.4.2.tgz"
        },
        "semver": {
          "version": "4.3.6",
          "from": "https://registry.npmjs.org/semver/-/semver-4.3.6.tgz",
          "resolved": "https://registry.npmjs.org/semver/-/semver-4.3.6.tgz"
        },
        "spdy": {
          "version": "1.32.5",
          "from": "https://registry.npmjs.org/spdy/-/spdy-1.32.5.tgz",
          "resolved": "https://registry.npmjs.org/spdy/-/spdy-1.32.5.tgz"
        },
        "tunnel-agent": {
          "version": "0.4.2",
          "from": "https://registry.npmjs.org/tunnel-agent/-/tunnel-agent-0.4.2.tgz",
          "resolved": "https://registry.npmjs.org/tunnel-agent/-/tunnel-agent-0.4.2.tgz"
        },
        "verror": {
          "version": "1.6.0",
          "from": "https://registry.npmjs.org/verror/-/verror-1.6.0.tgz",
          "resolved": "https://registry.npmjs.org/verror/-/verror-1.6.0.tgz",
          "dependencies": {
            "extsprintf": {
              "version": "1.2.0",
              "from": "https://registry.npmjs.org/extsprintf/-/extsprintf-1.2.0.tgz",
              "resolved": "https://registry.npmjs.org/extsprintf/-/extsprintf-1.2.0.tgz"
            }
          }
        },
        "dtrace-provider": {
          "version": "0.4.0",
          "from": "https://registry.npmjs.org/dtrace-provider/-/dtrace-provider-0.4.0.tgz",
          "resolved": "https://registry.npmjs.org/dtrace-provider/-/dtrace-provider-0.4.0.tgz",
          "dependencies": {
            "nan": {
              "version": "1.5.3",
              "from": "https://registry.npmjs.org/nan/-/nan-1.5.3.tgz",
              "resolved": "https://registry.npmjs.org/nan/-/nan-1.5.3.tgz"
            }
          }
        }
      }
    }
  }
}
